
Microsoft Visual Studio Solution File, Format Version 12.00
# Visual Studio Version 17
VisualStudioVersion = 17.11.35222.181
MinimumVisualStudioVersion = 10.0.40219.1
Project("{FAE04EC0-301F-11D3-BF4B-00C04F79EFBC}") = "berek2020", "berek2020.csproj", "{9999D366-716B-46F0-B66A-7081F737977E}"
EndProject
Global
	GlobalSection(SolutionConfigurationPlatforms) = preSolution
		Debug|Any CPU = Debug|Any CPU
		Release|Any CPU = Release|Any CPU
	EndGlobalSection
	GlobalSection(ProjectConfigurationPlatforms) = postSolution
		{9999D366-716B-46F0-B66A-7081F737977E}.Debug|Any CPU.ActiveCfg = Debug|Any CPU
		{9999D366-716B-46F0-B66A-7081F737977E}.Debug|Any CPU.Build.0 = Debug|Any CPU
		{9999D366-716B-46F0-B66A-7081F737977E}.Release|Any CPU.ActiveCfg = Release|Any CPU
		{9999D366-716B-46F0-B66A-7081F737977E}.Release|Any CPU.Build.0 = Release|Any CPU
	EndGlobalSection
	GlobalSection(SolutionProperties) = preSolution
		HideSolutionNode = FALSE
	EndGlobalSection
	GlobalSection(ExtensibilityGlobals) = postSolution
		SolutionGuid = {6968B9ED-7C28-4224-8D20-7AB55F5A34D6}
	EndGlobalSection
EndGlobal
